// !$*UTF8*$!
{
	archiveVersion = 1;
	classes = {
	};
	objectVersion = 46;
	objects = {

/* Begin PBXBuildFile section */
		0579682E1D72D1D500334E43 /* main.m in Sources */ = {isa = PBXBuildFile; fileRef = 0579682D1D72D1D500334E43 /* main.m */; };
		057968311D72D1D500334E43 /* AppDelegate.m in Sources */ = {isa = PBXBuildFile; fileRef = 057968301D72D1D500334E43 /* AppDelegate.m */; };
		057968341D72D1D500334E43 /* ViewController.m in Sources */ = {isa = PBXBuildFile; fileRef = 057968331D72D1D500334E43 /* ViewController.m */; };
		057968371D72D1D500334E43 /* Main.storyboard in Resources */ = {isa = PBXBuildFile; fileRef = 057968351D72D1D500334E43 /* Main.storyboard */; };
		057968391D72D1D500334E43 /* Assets.xcassets in Resources */ = {isa = PBXBuildFile; fileRef = 057968381D72D1D500334E43 /* Assets.xcassets */; };
		0579683C1D72D1D500334E43 /* LaunchScreen.storyboard in Resources */ = {isa = PBXBuildFile; fileRef = 0579683A1D72D1D500334E43 /* LaunchScreen.storyboard */; };
		057968471D72D1D500334E43 /* SMCalendarDemoTests.m in Sources */ = {isa = PBXBuildFile; fileRef = 057968461D72D1D500334E43 /* SMCalendarDemoTests.m */; };
		057968521D72D1D500334E43 /* SMCalendarDemoUITests.m in Sources */ = {isa = PBXBuildFile; fileRef = 057968511D72D1D500334E43 /* SMCalendarDemoUITests.m */; };
		057968641D72D1EA00334E43 /* NSDate+Extension.m in Sources */ = {isa = PBXBuildFile; fileRef = 057968611D72D1EA00334E43 /* NSDate+Extension.m */; };
		057968651D72D1EA00334E43 /* SMCalendarView.m in Sources */ = {isa = PBXBuildFile; fileRef = 057968631D72D1EA00334E43 /* SMCalendarView.m */; };
/* End PBXBuildFile section */

/* Begin PBXContainerItemProxy section */
		057968431D72D1D500334E43 /* PBXContainerItemProxy */ = {
			isa = PBXContainerItemProxy;
			containerPortal = 057968211D72D1D500334E43 /* Project object */;
			proxyType = 1;
			remoteGlobalIDString = 057968281D72D1D500334E43;
			remoteInfo = SMCalendarDemo;
		};
		0579684E1D72D1D500334E43 /* PBXContainerItemProxy */ = {
			isa = PBXContainerItemProxy;
			containerPortal = 057968211D72D1D500334E43 /* Project object */;
			proxyType = 1;
			remoteGlobalIDString = 057968281D72D1D500334E43;
			remoteInfo = SMCalendarDemo;
		};
/* End PBXContainerItemProxy section */

/* Begin PBXFileReference section */
		057968291D72D1D500334E43 /* SMCalendarDemo.app */ = {isa = PBXFileReference; explicitFileType = wrapper.application; includeInIndex = 0; path = SMCalendarDemo.app; sourceTree = BUILT_PRODUCTS_DIR; };
		0579682D1D72D1D500334E43 /* main.m */ = {isa = PBXFileReference; lastKnownFileType = sourcecode.c.objc; path = main.m; sourceTree = "<group>"; };
		0579682F1D72D1D500334E43 /* AppDelegate.h */ = {isa = PBXFileReference; lastKnownFileType = sourcecode.c.h; path = AppDelegate.h; sourceTree = "<group>"; };
		057968301D72D1D500334E43 /* AppDelegate.m */ = {isa = PBXFileReference; lastKnownFileType = sourcecode.c.objc; path = AppDelegate.m; sourceTree = "<group>"; };
		057968321D72D1D500334E43 /* ViewController.h */ = {isa = PBXFileReference; lastKnownFileType = sourcecode.c.h; path = ViewController.h; sourceTree = "<group>"; };
		057968331D72D1D500334E43 /* ViewController.m */ = {isa = PBXFileReference; lastKnownFileType = sourcecode.c.objc; path = ViewController.m; sourceTree = "<group>"; };
		057968361D72D1D500334E43 /* Base */ = {isa = PBXFileReference; lastKnownFileType = file.storyboard; name = Base; path = Base.lproj/Main.storyboard; sourceTree = "<group>"; };
		057968381D72D1D500334E43 /* Assets.xcassets */ = {isa = PBXFileReference; lastKnownFileType = folder.assetcatalog; path = Assets.xcassets; sourceTree = "<group>"; };
		0579683B1D72D1D500334E43 /* Base */ = {isa = PBXFileReference; lastKnownFileType = file.storyboard; name = Base; path = Base.lproj/LaunchScreen.storyboard; sourceTree = "<group>"; };
		0579683D1D72D1D500334E43 /* Info.plist */ = {isa = PBXFileReference; lastKnownFileType = text.plist.xml; path = Info.plist; sourceTree = "<group>"; };
		057968421D72D1D500334E43 /* SMCalendarDemoTests.xctest */ = {isa = PBXFileReference; explicitFileType = wrapper.cfbundle; includeInIndex = 0; path = SMCalendarDemoTests.xctest; sourceTree = BUILT_PRODUCTS_DIR; };
		057968461D72D1D500334E43 /* SMCalendarDemoTests.m */ = {isa = PBXFileReference; lastKnownFileType = sourcecode.c.objc; path = SMCalendarDemoTests.m; sourceTree = "<group>"; };
		057968481D72D1D500334E43 /* Info.plist */ = {isa = PBXFileReference; lastKnownFileType = text.plist.xml; path = Info.plist; sourceTree = "<group>"; };
		0579684D1D72D1D500334E43 /* SMCalendarDemoUITests.xctest */ = {isa = PBXFileReference; explicitFileType = wrapper.cfbundle; includeInIndex = 0; path = SMCalendarDemoUITests.xctest; sourceTree = BUILT_PRODUCTS_DIR; };
		057968511D72D1D500334E43 /* SMCalendarDemoUITests.m */ = {isa = PBXFileReference; lastKnownFileType = sourcecode.c.objc; path = SMCalendarDemoUITests.m; sourceTree = "<group>"; };
		057968531D72D1D500334E43 /* Info.plist */ = {isa = PBXFileReference; lastKnownFileType = text.plist.xml; path = Info.plist; sourceTree = "<group>"; };
		057968601D72D1EA00334E43 /* NSDate+Extension.h */ = {isa = PBXFileReference; fileEncoding = 4; lastKnownFileType = sourcecode.c.h; path = "NSDate+Extension.h"; sourceTree = "<group>"; };
		057968611D72D1EA00334E43 /* NSDate+Extension.m */ = {isa = PBXFileReference; fileEncoding = 4; lastKnownFileType = sourcecode.c.objc; path = "NSDate+Extension.m"; sourceTree = "<group>"; };
		057968621D72D1EA00334E43 /* SMCalendarView.h */ = {isa = PBXFileReference; fileEncoding = 4; lastKnownFileType = sourcecode.c.h; path = SMCalendarView.h; sourceTree = "<group>"; };
		057968631D72D1EA00334E43 /* SMCalendarView.m */ = {isa = PBXFileReference; fileEncoding = 4; lastKnownFileType = sourcecode.c.objc; path = SMCalendarView.m; sourceTree = "<group>"; };
/* End PBXFileReference section */

/* Begin PBXFrameworksBuildPhase section */
		057968261D72D1D500334E43 /* Frameworks */ = {
			isa = PBXFrameworksBuildPhase;
			buildActionMask = 2147483647;
			files = (
			);
			runOnlyForDeploymentPostprocessing = 0;
		};
		0579683F1D72D1D500334E43 /* Frameworks */ = {
			isa = PBXFrameworksBuildPhase;
			buildActionMask = 2147483647;
			files = (
			);
			runOnlyForDeploymentPostprocessing = 0;
		};
		0579684A1D72D1D500334E43 /* Frameworks */ = {
			isa = PBXFrameworksBuildPhase;
			buildActionMask = 2147483647;
			files = (
			);
			runOnlyForDeploymentPostprocessing = 0;
		};
/* End PBXFrameworksBuildPhase section */

/* Begin PBXGroup section */
		057968201D72D1D500334E43 = {
			isa = PBXGroup;
			children = (
				0579682B1D72D1D500334E43 /* SMCalendarDemo */,
				057968451D72D1D500334E43 /* SMCalendarDemoTests */,
				057968501D72D1D500334E43 /* SMCalendarDemoUITests */,
				0579682A1D72D1D500334E43 /* Products */,
			);
			sourceTree = "<group>";
		};
		0579682A1D72D1D500334E43 /* Products */ = {
			isa = PBXGroup;
			children = (
				057968291D72D1D500334E43 /* SMCalendarDemo.app */,
				057968421D72D1D500334E43 /* SMCalendarDemoTests.xctest */,
				0579684D1D72D1D500334E43 /* SMCalendarDemoUITests.xctest */,
			);
			name = Products;
			sourceTree = "<group>";
		};
		0579682B1D72D1D500334E43 /* SMCalendarDemo */ = {
			isa = PBXGroup;
			children = (
				0579685F1D72D1EA00334E43 /* SMCalendar */,
				0579682F1D72D1D500334E43 /* AppDelegate.h */,
				057968301D72D1D500334E43 /* AppDelegate.m */,
				057968321D72D1D500334E43 /* ViewController.h */,
				057968331D72D1D500334E43 /* ViewController.m */,
				057968351D72D1D500334E43 /* Main.storyboard */,
				057968381D72D1D500334E43 /* Assets.xcassets */,
				0579683A1D72D1D500334E43 /* LaunchScreen.storyboard */,
				0579683D1D72D1D500334E43 /* Info.plist */,
				0579682C1D72D1D500334E43 /* Supporting Files */,
			);
			path = SMCalendarDemo;
			sourceTree = "<group>";
		};
		0579682C1D72D1D500334E43 /* Supporting Files */ = {
			isa = PBXGroup;
			children = (
				0579682D1D72D1D500334E43 /* main.m */,
			);
			name = "Supporting Files";
			sourceTree = "<group>";
		};
		057968451D72D1D500334E43 /* SMCalendarDemoTests */ = {
			isa = PBXGroup;
			children = (
				057968461D72D1D500334E43 /* SMCalendarDemoTests.m */,
				057968481D72D1D500334E43 /* Info.plist */,
			);
			path = SMCalendarDemoTests;
			sourceTree = "<group>";
		};
		057968501D72D1D500334E43 /* SMCalendarDemoUITests */ = {
			isa = PBXGroup;
			children = (
				057968511D72D1D500334E43 /* SMCalendarDemoUITests.m */,
				057968531D72D1D500334E43 /* Info.plist */,
			);
			path = SMCalendarDemoUITests;
			sourceTree = "<group>";
		};
		0579685F1D72D1EA00334E43 /* SMCalendar */ = {
			isa = PBXGroup;
			children = (
				057968601D72D1EA00334E43 /* NSDate+Extension.h */,
				057968611D72D1EA00334E43 /* NSDate+Extension.m */,
				057968621D72D1EA00334E43 /* SMCalendarView.h */,
				057968631D72D1EA00334E43 /* SMCalendarView.m */,
			);
			name = SMCalendar;
			path = ../../SMCalendar;
			sourceTree = "<group>";
		};
/* End PBXGroup section */

/* Begin PBXNativeTarget section */
		057968281D72D1D500334E43 /* SMCalendarDemo */ = {
			isa = PBXNativeTarget;
			buildConfigurationList = 057968561D72D1D500334E43 /* Build configuration list for PBXNativeTarget "SMCalendarDemo" */;
			buildPhases = (
				057968251D72D1D500334E43 /* Sources */,
				057968261D72D1D500334E43 /* Frameworks */,
				057968271D72D1D500334E43 /* Resources */,
			);
			buildRules = (
			);
			dependencies = (
			);
			name = SMCalendarDemo;
			productName = SMCalendarDemo;
			productReference = 057968291D72D1D500334E43 /* SMCalendarDemo.app */;
			productType = "com.apple.product-type.application";
		};
		057968411D72D1D500334E43 /* SMCalendarDemoTests */ = {
			isa = PBXNativeTarget;
			buildConfigurationList = 057968591D72D1D500334E43 /* Build configuration list for PBXNativeTarget "SMCalendarDemoTests" */;
			buildPhases = (
				0579683E1D72D1D500334E43 /* Sources */,
				0579683F1D72D1D500334E43 /* Frameworks */,
				057968401D72D1D500334E43 /* Resources */,
			);
			buildRules = (
			);
			dependencies = (
				057968441D72D1D500334E43 /* PBXTargetDependency */,
			);
			name = SMCalendarDemoTests;
			productName = SMCalendarDemoTests;
			productReference = 057968421D72D1D500334E43 /* SMCalendarDemoTests.xctest */;
			productType = "com.apple.product-type.bundle.unit-test";
		};
		0579684C1D72D1D500334E43 /* SMCalendarDemoUITests */ = {
			isa = PBXNativeTarget;
			buildConfigurationList = 0579685C1D72D1D500334E43 /* Build configuration list for PBXNativeTarget "SMCalendarDemoUITests" */;
			buildPhases = (
				057968491D72D1D500334E43 /* Sources */,
				0579684A1D72D1D500334E43 /* Frameworks */,
				0579684B1D72D1D500334E43 /* Resources */,
			);
			buildRules = (
			);
			dependencies = (
				0579684F1D72D1D500334E43 /* PBXTargetDependency */,
			);
			name = SMCalendarDemoUITests;
			productName = SMCalendarDemoUITests;
			productReference = 0579684D1D72D1D500334E43 /* SMCalendarDemoUITests.xctest */;
			productType = "com.apple.product-type.bundle.ui-testing";
		};
/* End PBXNativeTarget section */

/* Begin PBXProject section */
		057968211D72D1D500334E43 /* Project object */ = {
			isa = PBXProject;
			attributes = {
				LastUpgradeCheck = 0710;
				ORGANIZATIONNAME = net.evecom;
				TargetAttributes = {
					057968281D72D1D500334E43 = {
						CreatedOnToolsVersion = 7.1;
						DevelopmentTeam = 73UM9TE334;
					};
					057968411D72D1D500334E43 = {
						CreatedOnToolsVersion = 7.1;
						DevelopmentTeam = 73UM9TE334;
						TestTargetID = 057968281D72D1D500334E43;
					};
					0579684C1D72D1D500334E43 = {
						CreatedOnToolsVersion = 7.1;
						DevelopmentTeam = 73UM9TE334;
						TestTargetID = 057968281D72D1D500334E43;
					};
				};
			};
			buildConfigurationList = 057968241D72D1D500334E43 /* Build configuration list for PBXProject "SMCalendarDemo" */;
			compatibilityVersion = "Xcode 3.2";
			developmentRegion = English;
			hasScannedForEncodings = 0;
			knownRegions = (
				en,
				Base,
			);
			mainGroup = 057968201D72D1D500334E43;
			productRefGroup = 0579682A1D72D1D500334E43 /* Products */;
			projectDirPath = "";
			projectRoot = "";
			targets = (
				057968281D72D1D500334E43 /* SMCalendarDemo */,
				057968411D72D1D500334E43 /* SMCalendarDemoTests */,
				0579684C1D72D1D500334E43 /* SMCalendarDemoUITests */,
			);
		};
/* End PBXProject section */

/* Begin PBXResourcesBuildPhase section */
		057968271D72D1D500334E43 /* Resources */ = {
			isa = PBXResourcesBuildPhase;
			buildActionMask = 2147483647;
			files = (
				0579683C1D72D1D500334E43 /* LaunchScreen.storyboard in Resources */,
				057968391D72D1D500334E43 /* Assets.xcassets in Resources */,
				057968371D72D1D500334E43 /* Main.storyboard in Resources */,
			);
			runOnlyForDeploymentPostprocessing = 0;
		};
		057968401D72D1D500334E43 /* Resources */ = {
			isa = PBXResourcesBuildPhase;
			buildActionMask = 2147483647;
			files = (
			);
			runOnlyForDeploymentPostprocessing = 0;
		};
		0579684B1D72D1D500334E43 /* Resources */ = {
			isa = PBXResourcesBuildPhase;
			buildActionMask = 2147483647;
			files = (
			);
			runOnlyForDeploymentPostprocessing = 0;
		};
/* End PBXResourcesBuildPhase section */

/* Begin PBXSourcesBuildPhase section */
		057968251D72D1D500334E43 /* Sources */ = {
			isa = PBXSourcesBuildPhase;
			buildActionMask = 2147483647;
			files = (
				057968641D72D1EA00334E43 /* NSDate+Extension.m in Sources */,
				057968341D72D1D500334E43 /* ViewController.m in Sources */,
				057968311D72D1D500334E43 /* AppDelegate.m in Sources */,
				057968651D72D1EA00334E43 /* SMCalendarView.m in Sources */,
				0579682E1D72D1D500334E43 /* main.m in Sources */,
			);
			runOnlyForDeploymentPostprocessing = 0;
		};
		0579683E1D72D1D500334E43 /* Sources */ = {
			isa = PBXSourcesBuildPhase;
			buildActionMask = 2147483647;
			files = (
				057968471D72D1D500334E43 /* SMCalendarDemoTests.m in Sources */,
			);
			runOnlyForDeploymentPostprocessing = 0;
		};
		057968491D72D1D500334E43 /* Sources */ = {
			isa = PBXSourcesBuildPhase;
			buildActionMask = 2147483647;
			files = (
				057968521D72D1D500334E43 /* SMCalendarDemoUITests.m in Sources */,
			);
			runOnlyForDeploymentPostprocessing = 0;
		};
/* End PBXSourcesBuildPhase section */

/* Begin PBXTargetDependency section */
		057968441D72D1D500334E43 /* PBXTargetDependency */ = {
			isa = PBXTargetDependency;
			target = 057968281D72D1D500334E43 /* SMCalendarDemo */;
			targetProxy = 057968431D72D1D500334E43 /* PBXContainerItemProxy */;
		};
		0579684F1D72D1D500334E43 /* PBXTargetDependency */ = {
			isa = PBXTargetDependency;
			target = 057968281D72D1D500334E43 /* SMCalendarDemo */;
			targetProxy = 0579684E1D72D1D500334E43 /* PBXContainerItemProxy */;
		};
/* End PBXTargetDependency section */

/* Begin PBXVariantGroup section */
		057968351D72D1D500334E43 /* Main.storyboard */ = {
			isa = PBXVariantGroup;
			children = (
				057968361D72D1D500334E43 /* Base */,
			);
			name = Main.storyboard;
			sourceTree = "<group>";
		};
		0579683A1D72D1D500334E43 /* LaunchScreen.storyboard */ = {
			isa = PBXVariantGroup;
			children = (
				0579683B1D72D1D500334E43 /* Base */,
			);
			name = LaunchScreen.storyboard;
			sourceTree = "<group>";
		};
/* End PBXVariantGroup section */

/* Begin XCBuildConfiguration section */
		057968541D72D1D500334E43 /* Debug */ = {
			isa = XCBuildConfiguration;
			buildSettings = {
				ALWAYS_SEARCH_USER_PATHS = NO;
				CLANG_CXX_LANGUAGE_STANDARD = "gnu++0x";
				CLANG_CXX_LIBRARY = "libc++";
				CLANG_ENABLE_MODULES = YES;
				CLANG_ENABLE_OBJC_ARC = YES;
				CLANG_WARN_BOOL_CONVERSION = YES;
				CLANG_WARN_CONSTANT_CONVERSION = YES;
				CLANG_WARN_DIRECT_OBJC_ISA_USAGE = YES_ERROR;
				CLANG_WARN_EMPTY_BODY = YES;
				CLANG_WARN_ENUM_CONVERSION = YES;
				CLANG_WARN_INT_CONVERSION = YES;
				CLANG_WARN_OBJC_ROOT_CLASS = YES_ERROR;
				CLANG_WARN_UNREACHABLE_CODE = YES;
				CLANG_WARN__DUPLICATE_METHOD_MATCH = YES;
				"CODE_SIGN_IDENTITY[sdk=iphoneos*]" = "iPhone Developer";
				COPY_PHASE_STRIP = NO;
				DEBUG_INFORMATION_FORMAT = dwarf;
				ENABLE_STRICT_OBJC_MSGSEND = YES;
				ENABLE_TESTABILITY = YES;
				GCC_C_LANGUAGE_STANDARD = gnu99;
				GCC_DYNAMIC_NO_PIC = NO;
				GCC_NO_COMMON_BLOCKS = YES;
				GCC_OPTIMIZATION_LEVEL = 0;
				GCC_PREPROCESSOR_DEFINITIONS = (
					"DEBUG=1",
					"$(inherited)",
				);
				GCC_WARN_64_TO_32_BIT_CONVERSION = YES;
				GCC_WARN_ABOUT_RETURN_TYPE = YES_ERROR;
				GCC_WARN_UNDECLARED_SELECTOR = YES;
				GCC_WARN_UNINITIALIZED_AUTOS = YES_AGGRESSIVE;
				GCC_WARN_UNUSED_FUNCTION = YES;
				GCC_WARN_UNUSED_VARIABLE = YES;
				IPHONEOS_DEPLOYMENT_TARGET = 9.1;
				MTL_ENABLE_DEBUG_INFO = YES;
				ONLY_ACTIVE_ARCH = YES;
				SDKROOT = iphoneos;
			};
			name = Debug;
		};
		057968551D72D1D500334E43 /* Release */ = {
			isa = XCBuildConfiguration;
			buildSettings = {
				ALWAYS_SEARCH_USER_PATHS = NO;
				CLANG_CXX_LANGUAGE_STANDARD = "gnu++0x";
				CLANG_CXX_LIBRARY = "libc++";
				CLANG_ENABLE_MODULES = YES;
				CLANG_ENABLE_OBJC_ARC = YES;
				CLANG_WARN_BOOL_CONVERSION = YES;
				CLANG_WARN_CONSTANT_CONVERSION = YES;
				CLANG_WARN_DIRECT_OBJC_ISA_USAGE = YES_ERROR;
				CLANG_WARN_EMPTY_BODY = YES;
				CLANG_WARN_ENUM_CONVERSION = YES;
				CLANG_WARN_INT_CONVERSION = YES;
				CLANG_WARN_OBJC_ROOT_CLASS = YES_ERROR;
				CLANG_WARN_UNREACHABLE_CODE = YES;
				CLANG_WARN__DUPLICATE_METHOD_MATCH = YES;
				"CODE_SIGN_IDENTITY[sdk=iphoneos*]" = "iPhone Developer";
				COPY_PHASE_STRIP = NO;
				DEBUG_INFORMATION_FORMAT = "dwarf-with-dsym";
				ENABLE_NS_ASSERTIONS = NO;
				ENABLE_STRICT_OBJC_MSGSEND = YES;
				GCC_C_LANGUAGE_STANDARD = gnu99;
				GCC_NO_COMMON_BLOCKS = YES;
				GCC_WARN_64_TO_32_BIT_CONVERSION = YES;
				GCC_WARN_ABOUT_RETURN_TYPE = YES_ERROR;
				GCC_WARN_UNDECLARED_SELECTOR = YES;
				GCC_WARN_UNINITIALIZED_AUTOS = YES_AGGRESSIVE;
				GCC_WARN_UNUSED_FUNCTION = YES;
				GCC_WARN_UNUSED_VARIABLE = YES;
				IPHONEOS_DEPLOYMENT_TARGET = 9.1;
				MTL_ENABLE_DEBUG_INFO = NO;
				SDKROOT = iphoneos;
				VALIDATE_PRODUCT = YES;
			};
			name = Release;
		};
		057968571D72D1D500334E43 /* Debug */ = {
			isa = XCBuildConfiguration;
			buildSettings = {
				ASSETCATALOG_COMPILER_APPICON_NAME = AppIcon;
				INFOPLIST_FILE = SMCalendarDemo/Info.plist;
				LD_RUNPATH_SEARCH_PATHS = "$(inherited) @executable_path/Frameworks";
				PRODUCT_BUNDLE_IDENTIFIER = net.evecom.SMCalendarDemo;
				PRODUCT_NAME = "$(TARGET_NAME)";
			};
			name = Debug;
		};
		057968581D72D1D500334E43 /* Release */ = {
			isa = XCBuildConfiguration;
			buildSettings = {
				ASSETCATALOG_COMPILER_APPICON_NAME = AppIcon;
				INFOPLIST_FILE = SMCalendarDemo/Info.plist;
				LD_RUNPATH_SEARCH_PATHS = "$(inherited) @executable_path/Frameworks";
				PRODUCT_BUNDLE_IDENTIFIER = net.evecom.SMCalendarDemo;
				PRODUCT_NAME = "$(TARGET_NAME)";
			};
			name = Release;
		};
		0579685A1D72D1D500334E43 /* Debug */ = {
			isa = XCBuildConfiguration;
			buildSettings = {
				BUNDLE_LOADER = "$(TEST_HOST)";
				INFOPLIST_FILE = SMCalendarDemoTests/Info.plist;
				LD_RUNPATH_SEARCH_PATHS = "$(inherited) @executable_path/Frameworks @loader_path/Frameworks";
				PRODUCT_BUNDLE_IDENTIFIER = net.evecom.SMCalendarDemoTests;
				PRODUCT_NAME = "$(TARGET_NAME)";
				TEST_HOST = "$(BUILT_PRODUCTS_DIR)/SMCalendarDemo.app/SMCalendarDemo";
			};
			name = Debug;
		};
		0579685B1D72D1D500334E43 /* Release */ = {
			isa = XCBuildConfiguration;
			buildSettings = {
				BUNDLE_LOADER = "$(TEST_HOST)";
				INFOPLIST_FILE = SMCalendarDemoTests/Info.plist;
				LD_RUNPATH_SEARCH_PATHS = "$(inherited) @executable_path/Frameworks @loader_path/Frameworks";
				PRODUCT_BUNDLE_IDENTIFIER = net.evecom.SMCalendarDemoTests;
				PRODUCT_NAME = "$(TARGET_NAME)";
				TEST_HOST = "$(BUILT_PRODUCTS_DIR)/SMCalendarDemo.app/SMCalendarDemo";
			};
			name = Release;
		};
		0579685D1D72D1D500334E43 /* Debug */ = {
			isa = XCBuildConfiguration;
			buildSettings = {
				INFOPLIST_FILE = SMCalendarDemoUITests/Info.plist;
				LD_RUNPATH_SEARCH_PATHS = "$(inherited) @executable_path/Frameworks @loader_path/Frameworks";
				PRODUCT_BUNDLE_IDENTIFIER = net.evecom.SMCalendarDemoUITests;
				PRODUCT_NAME = "$(TARGET_NAME)";
				TEST_TARGET_NAME = SMCalendarDemo;
				USES_XCTRUNNER = YES;
			};
			name = Debug;
		};
		0579685E1D72D1D500334E43 /* Release */ = {
			isa = XCBuildConfiguration;
			buildSettings = {
				INFOPLIST_FILE = SMCalendarDemoUITests/Info.plist;
				LD_RUNPATH_SEARCH_PATHS = "$(inherited) @executable_path/Frameworks @loader_path/Frameworks";
				PRODUCT_BUNDLE_IDENTIFIER = net.evecom.SMCalendarDemoUITests;
				PRODUCT_NAME = "$(TARGET_NAME)";
				TEST_TARGET_NAME = SMCalendarDemo;
				USES_XCTRUNNER = YES;
			};
			name = Release;
		};
/* End XCBuildConfiguration section */

/* Begin XCConfigurationList section */
		057968241D72D1D500334E43 /* Build configuration list for PBXProject "SMCalendarDemo" */ = {
			isa = XCConfigurationList;
			buildConfigurations = (
				057968541D72D1D500334E43 /* Debug */,
				057968551D72D1D500334E43 /* Release */,
			);
			defaultConfigurationIsVisible = 0;
			defaultConfigurationName = Release;
		};
		057968561D72D1D500334E43 /* Build configuration list for PBXNativeTarget "SMCalendarDemo" */ = {
			isa = XCConfigurationList;
			buildConfigurations = (
				057968571D72D1D500334E43 /* Debug */,
				057968581D72D1D500334E43 /* Release */,
			);
			defaultConfigurationIsVisible = 0;
		};
		057968591D72D1D500334E43 /* Build configuration list for PBXNativeTarget "SMCalendarDemoTests" */ = {
			isa = XCConfigurationList;
			buildConfigurations = (
				0579685A1D72D1D500334E43 /* Debug */,
				0579685B1D72D1D500334E43 /* Release */,
			);
			defaultConfigurationIsVisible = 0;
		};
		0579685C1D72D1D500334E43 /* Build configuration list for PBXNativeTarget "SMCalendarDemoUITests" */ = {
			isa = XCConfigurationList;
			buildConfigurations = (
				0579685D1D72D1D500334E43 /* Debug */,
				0579685E1D72D1D500334E43 /* Release */,
			);
			defaultConfigurationIsVisible = 0;
		};
/* End XCConfigurationList section */
	};
	rootObject = 057968211D72D1D500334E43 /* Project object */;
}
